<?xml version="1.0" encoding="utf-8"?>
<Project ToolsVersion="17.0" xmlns="http://schemas.microsoft.com/developer/msbuild/2003">
  <ItemGroup>
    <CustomBuild Include="C:\Users\sahnn\Downloads\dcmtk-3.6.8\CMakeFiles\62a056a66100c45a86c65a93545b5350\RUN_TESTS_force.rule">
      <Filter>CMake Rules</Filter>
    </CustomBuild>
  </ItemGroup>
  <ItemGroup>
    <Filter Include="CMake Rules">
      <UniqueIdentifier>{B2D57587-980F-3529-9555-E40CB30FCB11}</UniqueIdentifier>
    </Filter>
  </ItemGroup>
</Project>
