
Microsoft Visual Studio Solution File, Format Version 12.00
# Visual Studio Version 17
Project("{2150E333-8FDC-42A3-9474-1A3956D46DE8}") = "CMakePredefinedTargets", "CMakePredefinedTargets", "{8674EBF8-D6C1-3DD7-8BDE-48AD7A6D187C}"
EndProject
Project("{8BC9CEB8-8B4A-11D0-8D11-00A0C91BC942}") = "ALL_BUILD", "ALL_BUILD.vcxproj", "{FD9A9F9F-2F08-31BB-ABD5-411D6A9AB352}"
	ProjectSection(ProjectDependencies) = postProject
		{DF6110EE-D3E6-3F40-A841-10133C4C60D6} = {DF6110EE-D3E6-3F40-A841-10133C4C60D6}
		{A2241D55-C6BC-35F2-A681-FA6831C2F13A} = {A2241D55-C6BC-35F2-A681-FA6831C2F13A}
		{CB4A9C22-5842-37E7-A9F8-FB3AD53D866C} = {CB4A9C22-5842-37E7-A9F8-FB3AD53D866C}
		{40280B62-E76E-3D2E-9C03-F6717D2285CA} = {40280B62-E76E-3D2E-9C03-F6717D2285CA}
	EndProjectSection
EndProject
Project("{8BC9CEB8-8B4A-11D0-8D11-00A0C91BC942}") = "INSTALL", "INSTALL.vcxproj", "{1C2580DA-EAA5-3D28-9BC6-797549B38087}"
	ProjectSection(ProjectDependencies) = postProject
		{FD9A9F9F-2F08-31BB-ABD5-411D6A9AB352} = {FD9A9F9F-2F08-31BB-ABD5-411D6A9AB352}
		{DF6110EE-D3E6-3F40-A841-10133C4C60D6} = {DF6110EE-D3E6-3F40-A841-10133C4C60D6}
	EndProjectSection
EndProject
Project("{8BC9CEB8-8B4A-11D0-8D11-00A0C91BC942}") = "RUN_TESTS", "RUN_TESTS.vcxproj", "{ED4BF37D-2FAE-3D13-ABE6-4EDC246CCB58}"
	ProjectSection(ProjectDependencies) = postProject
		{DF6110EE-D3E6-3F40-A841-10133C4C60D6} = {DF6110EE-D3E6-3F40-A841-10133C4C60D6}
	EndProjectSection
EndProject
Project("{8BC9CEB8-8B4A-11D0-8D11-00A0C91BC942}") = "ZERO_CHECK", "..\\ZERO_CHECK.vcxproj", "{DF6110EE-D3E6-3F40-A841-10133C4C60D6}"
	ProjectSection(ProjectDependencies) = postProject
	EndProjectSection
EndProject
Project("{8BC9CEB8-8B4A-11D0-8D11-00A0C91BC942}") = "dcmdata_obj", "libsrc\dcmdata_obj.vcxproj", "{A2241D55-C6BC-35F2-A681-FA6831C2F13A}"
	ProjectSection(ProjectDependencies) = postProject
		{DF6110EE-D3E6-3F40-A841-10133C4C60D6} = {DF6110EE-D3E6-3F40-A841-10133C4C60D6}
	EndProjectSection
EndProject
Project("{8BC9CEB8-8B4A-11D0-8D11-00A0C91BC942}") = "dcmxml_obj", "libdcxml\dcmxml_obj.vcxproj", "{CB4A9C22-5842-37E7-A9F8-FB3AD53D866C}"
	ProjectSection(ProjectDependencies) = postProject
		{DF6110EE-D3E6-3F40-A841-10133C4C60D6} = {DF6110EE-D3E6-3F40-A841-10133C4C60D6}
	EndProjectSection
EndProject
Project("{8BC9CEB8-8B4A-11D0-8D11-00A0C91BC942}") = "i2d_obj", "libi2d\i2d_obj.vcxproj", "{40280B62-E76E-3D2E-9C03-F6717D2285CA}"
	ProjectSection(ProjectDependencies) = postProject
		{DF6110EE-D3E6-3F40-A841-10133C4C60D6} = {DF6110EE-D3E6-3F40-A841-10133C4C60D6}
	EndProjectSection
EndProject
Project("{8BC9CEB8-8B4A-11D0-8D11-00A0C91BC942}") = "mkvrscan", "libsrc\mkvrscan.vcxproj", "{17C32335-EEA8-3327-90A2-AD9BA4C7A2A0}"
	ProjectSection(ProjectDependencies) = postProject
		{DF6110EE-D3E6-3F40-A841-10133C4C60D6} = {DF6110EE-D3E6-3F40-A841-10133C4C60D6}
	EndProjectSection
EndProject
Project("{8BC9CEB8-8B4A-11D0-8D11-00A0C91BC942}") = "updatebuiltindict", "libsrc\updatebuiltindict.vcxproj", "{1E417185-1C0C-327D-AF90-64603B54FB92}"
	ProjectSection(ProjectDependencies) = postProject
		{DF6110EE-D3E6-3F40-A841-10133C4C60D6} = {DF6110EE-D3E6-3F40-A841-10133C4C60D6}
	EndProjectSection
EndProject
Project("{8BC9CEB8-8B4A-11D0-8D11-00A0C91BC942}") = "updatedeftag", "libsrc\updatedeftag.vcxproj", "{815AD08B-04E0-3061-9E4F-64A9FDBFE4F7}"
	ProjectSection(ProjectDependencies) = postProject
		{DF6110EE-D3E6-3F40-A841-10133C4C60D6} = {DF6110EE-D3E6-3F40-A841-10133C4C60D6}
	EndProjectSection
EndProject
Global
	GlobalSection(SolutionConfigurationPlatforms) = preSolution
		Debug|x64 = Debug|x64
		Release|x64 = Release|x64
		MinSizeRel|x64 = MinSizeRel|x64
		RelWithDebInfo|x64 = RelWithDebInfo|x64
	EndGlobalSection
	GlobalSection(ProjectConfigurationPlatforms) = postSolution
		{FD9A9F9F-2F08-31BB-ABD5-411D6A9AB352}.Debug|x64.ActiveCfg = Debug|x64
		{FD9A9F9F-2F08-31BB-ABD5-411D6A9AB352}.Debug|x64.Build.0 = Debug|x64
		{FD9A9F9F-2F08-31BB-ABD5-411D6A9AB352}.Release|x64.ActiveCfg = Release|x64
		{FD9A9F9F-2F08-31BB-ABD5-411D6A9AB352}.Release|x64.Build.0 = Release|x64
		{FD9A9F9F-2F08-31BB-ABD5-411D6A9AB352}.MinSizeRel|x64.ActiveCfg = MinSizeRel|x64
		{FD9A9F9F-2F08-31BB-ABD5-411D6A9AB352}.MinSizeRel|x64.Build.0 = MinSizeRel|x64
		{FD9A9F9F-2F08-31BB-ABD5-411D6A9AB352}.RelWithDebInfo|x64.ActiveCfg = RelWithDebInfo|x64
		{FD9A9F9F-2F08-31BB-ABD5-411D6A9AB352}.RelWithDebInfo|x64.Build.0 = RelWithDebInfo|x64
		{1C2580DA-EAA5-3D28-9BC6-797549B38087}.Debug|x64.ActiveCfg = Debug|x64
		{1C2580DA-EAA5-3D28-9BC6-797549B38087}.Release|x64.ActiveCfg = Release|x64
		{1C2580DA-EAA5-3D28-9BC6-797549B38087}.MinSizeRel|x64.ActiveCfg = MinSizeRel|x64
		{1C2580DA-EAA5-3D28-9BC6-797549B38087}.RelWithDebInfo|x64.ActiveCfg = RelWithDebInfo|x64
		{ED4BF37D-2FAE-3D13-ABE6-4EDC246CCB58}.Debug|x64.ActiveCfg = Debug|x64
		{ED4BF37D-2FAE-3D13-ABE6-4EDC246CCB58}.Release|x64.ActiveCfg = Release|x64
		{ED4BF37D-2FAE-3D13-ABE6-4EDC246CCB58}.MinSizeRel|x64.ActiveCfg = MinSizeRel|x64
		{ED4BF37D-2FAE-3D13-ABE6-4EDC246CCB58}.RelWithDebInfo|x64.ActiveCfg = RelWithDebInfo|x64
		{DF6110EE-D3E6-3F40-A841-10133C4C60D6}.Debug|x64.ActiveCfg = Debug|x64
		{DF6110EE-D3E6-3F40-A841-10133C4C60D6}.Debug|x64.Build.0 = Debug|x64
		{DF6110EE-D3E6-3F40-A841-10133C4C60D6}.Release|x64.ActiveCfg = Release|x64
		{DF6110EE-D3E6-3F40-A841-10133C4C60D6}.Release|x64.Build.0 = Release|x64
		{DF6110EE-D3E6-3F40-A841-10133C4C60D6}.MinSizeRel|x64.ActiveCfg = MinSizeRel|x64
		{DF6110EE-D3E6-3F40-A841-10133C4C60D6}.MinSizeRel|x64.Build.0 = MinSizeRel|x64
		{DF6110EE-D3E6-3F40-A841-10133C4C60D6}.RelWithDebInfo|x64.ActiveCfg = RelWithDebInfo|x64
		{DF6110EE-D3E6-3F40-A841-10133C4C60D6}.RelWithDebInfo|x64.Build.0 = RelWithDebInfo|x64
		{A2241D55-C6BC-35F2-A681-FA6831C2F13A}.Debug|x64.ActiveCfg = Debug|x64
		{A2241D55-C6BC-35F2-A681-FA6831C2F13A}.Debug|x64.Build.0 = Debug|x64
		{A2241D55-C6BC-35F2-A681-FA6831C2F13A}.Release|x64.ActiveCfg = Release|x64
		{A2241D55-C6BC-35F2-A681-FA6831C2F13A}.Release|x64.Build.0 = Release|x64
		{A2241D55-C6BC-35F2-A681-FA6831C2F13A}.MinSizeRel|x64.ActiveCfg = MinSizeRel|x64
		{A2241D55-C6BC-35F2-A681-FA6831C2F13A}.MinSizeRel|x64.Build.0 = MinSizeRel|x64
		{A2241D55-C6BC-35F2-A681-FA6831C2F13A}.RelWithDebInfo|x64.ActiveCfg = RelWithDebInfo|x64
		{A2241D55-C6BC-35F2-A681-FA6831C2F13A}.RelWithDebInfo|x64.Build.0 = RelWithDebInfo|x64
		{CB4A9C22-5842-37E7-A9F8-FB3AD53D866C}.Debug|x64.ActiveCfg = Debug|x64
		{CB4A9C22-5842-37E7-A9F8-FB3AD53D866C}.Debug|x64.Build.0 = Debug|x64
		{CB4A9C22-5842-37E7-A9F8-FB3AD53D866C}.Release|x64.ActiveCfg = Release|x64
		{CB4A9C22-5842-37E7-A9F8-FB3AD53D866C}.Release|x64.Build.0 = Release|x64
		{CB4A9C22-5842-37E7-A9F8-FB3AD53D866C}.MinSizeRel|x64.ActiveCfg = MinSizeRel|x64
		{CB4A9C22-5842-37E7-A9F8-FB3AD53D866C}.MinSizeRel|x64.Build.0 = MinSizeRel|x64
		{CB4A9C22-5842-37E7-A9F8-FB3AD53D866C}.RelWithDebInfo|x64.ActiveCfg = RelWithDebInfo|x64
		{CB4A9C22-5842-37E7-A9F8-FB3AD53D866C}.RelWithDebInfo|x64.Build.0 = RelWithDebInfo|x64
		{40280B62-E76E-3D2E-9C03-F6717D2285CA}.Debug|x64.ActiveCfg = Debug|x64
		{40280B62-E76E-3D2E-9C03-F6717D2285CA}.Debug|x64.Build.0 = Debug|x64
		{40280B62-E76E-3D2E-9C03-F6717D2285CA}.Release|x64.ActiveCfg = Release|x64
		{40280B62-E76E-3D2E-9C03-F6717D2285CA}.Release|x64.Build.0 = Release|x64
		{40280B62-E76E-3D2E-9C03-F6717D2285CA}.MinSizeRel|x64.ActiveCfg = MinSizeRel|x64
		{40280B62-E76E-3D2E-9C03-F6717D2285CA}.MinSizeRel|x64.Build.0 = MinSizeRel|x64
		{40280B62-E76E-3D2E-9C03-F6717D2285CA}.RelWithDebInfo|x64.ActiveCfg = RelWithDebInfo|x64
		{40280B62-E76E-3D2E-9C03-F6717D2285CA}.RelWithDebInfo|x64.Build.0 = RelWithDebInfo|x64
		{17C32335-EEA8-3327-90A2-AD9BA4C7A2A0}.Debug|x64.ActiveCfg = Debug|x64
		{17C32335-EEA8-3327-90A2-AD9BA4C7A2A0}.Release|x64.ActiveCfg = Release|x64
		{17C32335-EEA8-3327-90A2-AD9BA4C7A2A0}.MinSizeRel|x64.ActiveCfg = MinSizeRel|x64
		{17C32335-EEA8-3327-90A2-AD9BA4C7A2A0}.RelWithDebInfo|x64.ActiveCfg = RelWithDebInfo|x64
		{1E417185-1C0C-327D-AF90-64603B54FB92}.Debug|x64.ActiveCfg = Debug|x64
		{1E417185-1C0C-327D-AF90-64603B54FB92}.Release|x64.ActiveCfg = Release|x64
		{1E417185-1C0C-327D-AF90-64603B54FB92}.MinSizeRel|x64.ActiveCfg = MinSizeRel|x64
		{1E417185-1C0C-327D-AF90-64603B54FB92}.RelWithDebInfo|x64.ActiveCfg = RelWithDebInfo|x64
		{815AD08B-04E0-3061-9E4F-64A9FDBFE4F7}.Debug|x64.ActiveCfg = Debug|x64
		{815AD08B-04E0-3061-9E4F-64A9FDBFE4F7}.Release|x64.ActiveCfg = Release|x64
		{815AD08B-04E0-3061-9E4F-64A9FDBFE4F7}.MinSizeRel|x64.ActiveCfg = MinSizeRel|x64
		{815AD08B-04E0-3061-9E4F-64A9FDBFE4F7}.RelWithDebInfo|x64.ActiveCfg = RelWithDebInfo|x64
	EndGlobalSection
	GlobalSection(NestedProjects) = preSolution
		{FD9A9F9F-2F08-31BB-ABD5-411D6A9AB352} = {8674EBF8-D6C1-3DD7-8BDE-48AD7A6D187C}
		{1C2580DA-EAA5-3D28-9BC6-797549B38087} = {8674EBF8-D6C1-3DD7-8BDE-48AD7A6D187C}
		{ED4BF37D-2FAE-3D13-ABE6-4EDC246CCB58} = {8674EBF8-D6C1-3DD7-8BDE-48AD7A6D187C}
		{DF6110EE-D3E6-3F40-A841-10133C4C60D6} = {8674EBF8-D6C1-3DD7-8BDE-48AD7A6D187C}
	EndGlobalSection
	GlobalSection(ExtensibilityGlobals) = postSolution
		SolutionGuid = {0FED5E63-F19F-3F8D-ACF1-2108D6EF1CC0}
	EndGlobalSection
	GlobalSection(ExtensibilityAddIns) = postSolution
	EndGlobalSection
EndGlobal
